
Microsoft Visual Studio Solution File, Format Version 12.00
# Visual Studio Version 17
VisualStudioVersion = 17.14.37628.2
MinimumVisualStudioVersion = 10.0.40219.1
Project("{FAE04EC0-301F-11D3-BF4B-00C04F79EFBC}") = "CapaControlador_PolloRey", "CapaControlador_PolloRey\CapaControlador_PolloRey.csproj", "{C70F3E89-2387-4C14-B1D8-F1D4446F5A65}"
EndProject
Project("{FAE04EC0-301F-11D3-BF4B-00C04F79EFBC}") = "CapaModelo_PolloRey", "CapaModelo_PolloRey\CapaModelo_PolloRey.csproj", "{327CDA8E-B6F2-4A00-9C73-02F703F578DC}"
EndProject
Project("{FAE04EC0-301F-11D3-BF4B-00C04F79EFBC}") = "CapaVista_PolloRey", "CapaVista_PolloRey\CapaVista_PolloRey.csproj", "{517CB5FF-624E-4CCD-A8F5-3F18042EA39C}"
EndProject
Global
	GlobalSection(SolutionConfigurationPlatforms) = preSolution
		Debug|Any CPU = Debug|Any CPU
		Release|Any CPU = Release|Any CPU
	EndGlobalSection
	GlobalSection(ProjectConfigurationPlatforms) = postSolution
		{C70F3E89-2387-4C14-B1D8-F1D4446F5A65}.Debug|Any CPU.ActiveCfg = Debug|Any CPU
		{C70F3E89-2387-4C14-B1D8-F1D4446F5A65}.Debug|Any CPU.Build.0 = Debug|Any CPU
		{C70F3E89-2387-4C14-B1D8-F1D4446F5A65}.Release|Any CPU.ActiveCfg = Release|Any CPU
		{C70F3E89-2387-4C14-B1D8-F1D4446F5A65}.Release|Any CPU.Build.0 = Release|Any CPU
		{327CDA8E-B6F2-4A00-9C73-02F703F578DC}.Debug|Any CPU.ActiveCfg = Debug|Any CPU
		{327CDA8E-B6F2-4A00-9C73-02F703F578DC}.Debug|Any CPU.Build.0 = Debug|Any CPU
		{327CDA8E-B6F2-4A00-9C73-02F703F578DC}.Release|Any CPU.ActiveCfg = Release|Any CPU
		{327CDA8E-B6F2-4A00-9C73-02F703F578DC}.Release|Any CPU.Build.0 = Release|Any CPU
		{517CB5FF-624E-4CCD-A8F5-3F18042EA39C}.Debug|Any CPU.ActiveCfg = Debug|Any CPU
		{517CB5FF-624E-4CCD-A8F5-3F18042EA39C}.Debug|Any CPU.Build.0 = Debug|Any CPU
		{517CB5FF-624E-4CCD-A8F5-3F18042EA39C}.Release|Any CPU.ActiveCfg = Release|Any CPU
		{517CB5FF-624E-4CCD-A8F5-3F18042EA39C}.Release|Any CPU.Build.0 = Release|Any CPU
	EndGlobalSection
	GlobalSection(SolutionProperties) = preSolution
		HideSolutionNode = FALSE
	EndGlobalSection
	GlobalSection(ExtensibilityGlobals) = postSolution
		SolutionGuid = {22D70B08-7950-4FB8-8715-A2BF16E71619}
	EndGlobalSection
EndGlobal
